
Microsoft Visual Studio Solution File, Format Version 12.00
# Visual Studio Version 17
VisualStudioVersion = 17.13.35931.197 d17.13
MinimumVisualStudioVersion = 10.0.40219.1
Project("{FAE04EC0-301F-11D3-BF4B-00C04F79EFBC}") = "Homework3", "Homework3\Homework3.csproj", "{EB364C8B-2F31-454F-B3D3-F1A23FB6E4F7}"
EndProject
Global
	GlobalSection(SolutionConfigurationPlatforms) = preSolution
		Debug|Any CPU = Debug|Any CPU
		Release|Any CPU = Release|Any CPU
	EndGlobalSection
	GlobalSection(ProjectConfigurationPlatforms) = postSolution
		{EB364C8B-2F31-454F-B3D3-F1A23FB6E4F7}.Debug|Any CPU.ActiveCfg = Debug|Any CPU
		{EB364C8B-2F31-454F-B3D3-F1A23FB6E4F7}.Debug|Any CPU.Build.0 = Debug|Any CPU
		{EB364C8B-2F31-454F-B3D3-F1A23FB6E4F7}.Release|Any CPU.ActiveCfg = Release|Any CPU
		{EB364C8B-2F31-454F-B3D3-F1A23FB6E4F7}.Release|Any CPU.Build.0 = Release|Any CPU
	EndGlobalSection
	GlobalSection(SolutionProperties) = preSolution
		HideSolutionNode = FALSE
	EndGlobalSection
	GlobalSection(ExtensibilityGlobals) = postSolution
		SolutionGuid = {DA512711-30FF-49C6-BB03-7EE3F59F821B}
	EndGlobalSection
EndGlobal
