
Microsoft Visual Studio Solution File, Format Version 12.00
# Visual Studio Version 17
VisualStudioVersion = 17.13.35931.197 d17.13
MinimumVisualStudioVersion = 10.0.40219.1
Project("{FAE04EC0-301F-11D3-BF4B-00C04F79EFBC}") = "2 dars", "2 dars\2 dars.csproj", "{553373C9-5597-4C8C-A46F-2CA70B590BA2}"
EndProject
Global
	GlobalSection(SolutionConfigurationPlatforms) = preSolution
		Debug|Any CPU = Debug|Any CPU
		Release|Any CPU = Release|Any CPU
	EndGlobalSection
	GlobalSection(ProjectConfigurationPlatforms) = postSolution
		{553373C9-5597-4C8C-A46F-2CA70B590BA2}.Debug|Any CPU.ActiveCfg = Debug|Any CPU
		{553373C9-5597-4C8C-A46F-2CA70B590BA2}.Debug|Any CPU.Build.0 = Debug|Any CPU
		{553373C9-5597-4C8C-A46F-2CA70B590BA2}.Release|Any CPU.ActiveCfg = Release|Any CPU
		{553373C9-5597-4C8C-A46F-2CA70B590BA2}.Release|Any CPU.Build.0 = Release|Any CPU
	EndGlobalSection
	GlobalSection(SolutionProperties) = preSolution
		HideSolutionNode = FALSE
	EndGlobalSection
	GlobalSection(ExtensibilityGlobals) = postSolution
		SolutionGuid = {277694F5-DCE6-4637-B66B-0ECB5D70DB20}
	EndGlobalSection
EndGlobal
